
Microsoft Visual Studio Solution File, Format Version 12.00
# Visual Studio Version 17
VisualStudioVersion = 17.0.32126.317
MinimumVisualStudioVersion = 10.0.40219.1
Project("{FAE04EC0-301F-11D3-BF4B-00C04F79EFBC}") = "TextToSpeech", "TextToSpeech\TextToSpeech.csproj", "{174B7273-F4F5-4FD4-908B-8C40735A117D}"
EndProject
Global
	GlobalSection(SolutionConfigurationPlatforms) = preSolution
		Debug|Any CPU = Debug|Any CPU
		Release|Any CPU = Release|Any CPU
	EndGlobalSection
	GlobalSection(ProjectConfigurationPlatforms) = postSolution
		{174B7273-F4F5-4FD4-908B-8C40735A117D}.Debug|Any CPU.ActiveCfg = Debug|Any CPU
		{174B7273-F4F5-4FD4-908B-8C40735A117D}.Debug|Any CPU.Build.0 = Debug|Any CPU
		{174B7273-F4F5-4FD4-908B-8C40735A117D}.Release|Any CPU.ActiveCfg = Release|Any CPU
		{174B7273-F4F5-4FD4-908B-8C40735A117D}.Release|Any CPU.Build.0 = Release|Any CPU
	EndGlobalSection
	GlobalSection(SolutionProperties) = preSolution
		HideSolutionNode = FALSE
	EndGlobalSection
	GlobalSection(ExtensibilityGlobals) = postSolution
		SolutionGuid = {BBBFE905-3071-456D-A3BA-3C5CD23CD34A}
	EndGlobalSection
EndGlobal
